// !$*UTF8*$!
{
	archiveVersion = 1;
	classes = {
	};
	objectVersion = 55;
	objects = {

/* Begin PBXBuildFile section */
		331E3F2E28507E7C0012259D /* WeatherModelView.swift in Sources */ = {isa = PBXBuildFile; fileRef = 331E3F2D28507E7C0012259D /* WeatherModelView.swift */; };
		331E3F3028507EB80012259D /* WeatherData.swift in Sources */ = {isa = PBXBuildFile; fileRef = 331E3F2F28507EB80012259D /* WeatherData.swift */; };
		331E3F3228507EDE0012259D /* WeatherModel.swift in Sources */ = {isa = PBXBuildFile; fileRef = 331E3F3128507EDE0012259D /* WeatherModel.swift */; };
		331E3F3428507F190012259D /* APIServer.swift in Sources */ = {isa = PBXBuildFile; fileRef = 331E3F3328507F190012259D /* APIServer.swift */; };
		331E3F3628507F430012259D /* AppError.swift in Sources */ = {isa = PBXBuildFile; fileRef = 331E3F3528507F430012259D /* AppError.swift */; };
		331E3F3828507F5C0012259D /* GlopalEctention.swift in Sources */ = {isa = PBXBuildFile; fileRef = 331E3F3728507F5C0012259D /* GlopalEctention.swift */; };
		331E3F3A285080300012259D /* CurrentView.swift in Sources */ = {isa = PBXBuildFile; fileRef = 331E3F39285080300012259D /* CurrentView.swift */; };
		331E3F3C285080620012259D /* SearchView.swift in Sources */ = {isa = PBXBuildFile; fileRef = 331E3F3B285080620012259D /* SearchView.swift */; };
		331E3F3E285080960012259D /* DailyView.swift in Sources */ = {isa = PBXBuildFile; fileRef = 331E3F3D285080960012259D /* DailyView.swift */; };
		331E3F40285080B60012259D /* HourlyView.swift in Sources */ = {isa = PBXBuildFile; fileRef = 331E3F3F285080B60012259D /* HourlyView.swift */; };
		331E3F42285080F40012259D /* DeatilView.swift in Sources */ = {isa = PBXBuildFile; fileRef = 331E3F41285080F40012259D /* DeatilView.swift */; };
		331E3F44285081100012259D /* CellDetail.swift in Sources */ = {isa = PBXBuildFile; fileRef = 331E3F43285081100012259D /* CellDetail.swift */; };
		33A69A59284FF8A200456CC2 /* AWeatherAppApp.swift in Sources */ = {isa = PBXBuildFile; fileRef = 33A69A58284FF8A200456CC2 /* AWeatherAppApp.swift */; };
		33A69A5B284FF8A200456CC2 /* ContentView.swift in Sources */ = {isa = PBXBuildFile; fileRef = 33A69A5A284FF8A200456CC2 /* ContentView.swift */; };
		33A69A5D284FF8A300456CC2 /* Assets.xcassets in Resources */ = {isa = PBXBuildFile; fileRef = 33A69A5C284FF8A300456CC2 /* Assets.xcassets */; };
		33A69A60284FF8A300456CC2 /* Preview Assets.xcassets in Resources */ = {isa = PBXBuildFile; fileRef = 33A69A5F284FF8A300456CC2 /* Preview Assets.xcassets */; };
		33A69A6A284FF8A300456CC2 /* AWeatherAppTests.swift in Sources */ = {isa = PBXBuildFile; fileRef = 33A69A69284FF8A300456CC2 /* AWeatherAppTests.swift */; };
		33A69A74284FF8A300456CC2 /* AWeatherAppUITests.swift in Sources */ = {isa = PBXBuildFile; fileRef = 33A69A73284FF8A300456CC2 /* AWeatherAppUITests.swift */; };
		33A69A76284FF8A300456CC2 /* AWeatherAppUITestsLaunchTests.swift in Sources */ = {isa = PBXBuildFile; fileRef = 33A69A75284FF8A300456CC2 /* AWeatherAppUITestsLaunchTests.swift */; };
/* End PBXBuildFile section */

/* Begin PBXContainerItemProxy section */
		33A69A66284FF8A300456CC2 /* PBXContainerItemProxy */ = {
			isa = PBXContainerItemProxy;
			containerPortal = 33A69A4D284FF8A200456CC2 /* Project object */;
			proxyType = 1;
			remoteGlobalIDString = 33A69A54284FF8A200456CC2;
			remoteInfo = AWeatherApp;
		};
		33A69A70284FF8A300456CC2 /* PBXContainerItemProxy */ = {
			isa = PBXContainerItemProxy;
			containerPortal = 33A69A4D284FF8A200456CC2 /* Project object */;
			proxyType = 1;
			remoteGlobalIDString = 33A69A54284FF8A200456CC2;
			remoteInfo = AWeatherApp;
		};
/* End PBXContainerItemProxy section */

/* Begin PBXFileReference section */
		331E3F2D28507E7C0012259D /* WeatherModelView.swift */ = {isa = PBXFileReference; lastKnownFileType = sourcecode.swift; path = WeatherModelView.swift; sourceTree = "<group>"; };
		331E3F2F28507EB80012259D /* WeatherData.swift */ = {isa = PBXFileReference; lastKnownFileType = sourcecode.swift; path = WeatherData.swift; sourceTree = "<group>"; };
		331E3F3128507EDE0012259D /* WeatherModel.swift */ = {isa = PBXFileReference; lastKnownFileType = sourcecode.swift; path = WeatherModel.swift; sourceTree = "<group>"; };
		331E3F3328507F190012259D /* APIServer.swift */ = {isa = PBXFileReference; lastKnownFileType = sourcecode.swift; path = APIServer.swift; sourceTree = "<group>"; };
		331E3F3528507F430012259D /* AppError.swift */ = {isa = PBXFileReference; lastKnownFileType = sourcecode.swift; path = AppError.swift; sourceTree = "<group>"; };
		331E3F3728507F5C0012259D /* GlopalEctention.swift */ = {isa = PBXFileReference; lastKnownFileType = sourcecode.swift; path = GlopalEctention.swift; sourceTree = "<group>"; };
		331E3F39285080300012259D /* CurrentView.swift */ = {isa = PBXFileReference; lastKnownFileType = sourcecode.swift; path = CurrentView.swift; sourceTree = "<group>"; };
		331E3F3B285080620012259D /* SearchView.swift */ = {isa = PBXFileReference; lastKnownFileType = sourcecode.swift; path = SearchView.swift; sourceTree = "<group>"; };
		331E3F3D285080960012259D /* DailyView.swift */ = {isa = PBXFileReference; lastKnownFileType = sourcecode.swift; path = DailyView.swift; sourceTree = "<group>"; };
		331E3F3F285080B60012259D /* HourlyView.swift */ = {isa = PBXFileReference; lastKnownFileType = sourcecode.swift; path = HourlyView.swift; sourceTree = "<group>"; };
		331E3F41285080F40012259D /* DeatilView.swift */ = {isa = PBXFileReference; lastKnownFileType = sourcecode.swift; path = DeatilView.swift; sourceTree = "<group>"; };
		331E3F43285081100012259D /* CellDetail.swift */ = {isa = PBXFileReference; lastKnownFileType = sourcecode.swift; path = CellDetail.swift; sourceTree = "<group>"; };
		33A69A55284FF8A200456CC2 /* AWeatherApp.app */ = {isa = PBXFileReference; explicitFileType = wrapper.application; includeInIndex = 0; path = AWeatherApp.app; sourceTree = BUILT_PRODUCTS_DIR; };
		33A69A58284FF8A200456CC2 /* AWeatherAppApp.swift */ = {isa = PBXFileReference; lastKnownFileType = sourcecode.swift; path = AWeatherAppApp.swift; sourceTree = "<group>"; };
		33A69A5A284FF8A200456CC2 /* ContentView.swift */ = {isa = PBXFileReference; lastKnownFileType = sourcecode.swift; path = ContentView.swift; sourceTree = "<group>"; };
		33A69A5C284FF8A300456CC2 /* Assets.xcassets */ = {isa = PBXFileReference; lastKnownFileType = folder.assetcatalog; path = Assets.xcassets; sourceTree = "<group>"; };
		33A69A5F284FF8A300456CC2 /* Preview Assets.xcassets */ = {isa = PBXFileReference; lastKnownFileType = folder.assetcatalog; path = "Preview Assets.xcassets"; sourceTree = "<group>"; };
		33A69A65284FF8A300456CC2 /* AWeatherAppTests.xctest */ = {isa = PBXFileReference; explicitFileType = wrapper.cfbundle; includeInIndex = 0; path = AWeatherAppTests.xctest; sourceTree = BUILT_PRODUCTS_DIR; };
		33A69A69284FF8A300456CC2 /* AWeatherAppTests.swift */ = {isa = PBXFileReference; lastKnownFileType = sourcecode.swift; path = AWeatherAppTests.swift; sourceTree = "<group>"; };
		33A69A6F284FF8A300456CC2 /* AWeatherAppUITests.xctest */ = {isa = PBXFileReference; explicitFileType = wrapper.cfbundle; includeInIndex = 0; path = AWeatherAppUITests.xctest; sourceTree = BUILT_PRODUCTS_DIR; };
		33A69A73284FF8A300456CC2 /* AWeatherAppUITests.swift */ = {isa = PBXFileReference; lastKnownFileType = sourcecode.swift; path = AWeatherAppUITests.swift; sourceTree = "<group>"; };
		33A69A75284FF8A300456CC2 /* AWeatherAppUITestsLaunchTests.swift */ = {isa = PBXFileReference; lastKnownFileType = sourcecode.swift; path = AWeatherAppUITestsLaunchTests.swift; sourceTree = "<group>"; };
/* End PBXFileReference section */

/* Begin PBXFrameworksBuildPhase section */
		33A69A52284FF8A200456CC2 /* Frameworks */ = {
			isa = PBXFrameworksBuildPhase;
			buildActionMask = 2147483647;
			files = (
			);
			runOnlyForDeploymentPostprocessing = 0;
		};
		33A69A62284FF8A300456CC2 /* Frameworks */ = {
			isa = PBXFrameworksBuildPhase;
			buildActionMask = 2147483647;
			files = (
			);
			runOnlyForDeploymentPostprocessing = 0;
		};
		33A69A6C284FF8A300456CC2 /* Frameworks */ = {
			isa = PBXFrameworksBuildPhase;
			buildActionMask = 2147483647;
			files = (
			);
			runOnlyForDeploymentPostprocessing = 0;
		};
/* End PBXFrameworksBuildPhase section */

/* Begin PBXGroup section */
		33A69A4C284FF8A200456CC2 = {
			isa = PBXGroup;
			children = (
				33A69A57284FF8A200456CC2 /* AWeatherApp */,
				33A69A68284FF8A300456CC2 /* AWeatherAppTests */,
				33A69A72284FF8A300456CC2 /* AWeatherAppUITests */,
				33A69A56284FF8A200456CC2 /* Products */,
			);
			sourceTree = "<group>";
		};
		33A69A56284FF8A200456CC2 /* Products */ = {
			isa = PBXGroup;
			children = (
				33A69A55284FF8A200456CC2 /* AWeatherApp.app */,
				33A69A65284FF8A300456CC2 /* AWeatherAppTests.xctest */,
				33A69A6F284FF8A300456CC2 /* AWeatherAppUITests.xctest */,
			);
			name = Products;
			sourceTree = "<group>";
		};
		33A69A57284FF8A200456CC2 /* AWeatherApp */ = {
			isa = PBXGroup;
			children = (
				33A69A84284FF96700456CC2 /* Managers */,
				33A69A83284FF95B00456CC2 /* Models */,
				33A69A82284FF94E00456CC2 /* Views */,
				33A69A58284FF8A200456CC2 /* AWeatherAppApp.swift */,
				33A69A5A284FF8A200456CC2 /* ContentView.swift */,
				33A69A5C284FF8A300456CC2 /* Assets.xcassets */,
				33A69A5E284FF8A300456CC2 /* Preview Content */,
			);
			path = AWeatherApp;
			sourceTree = "<group>";
		};
		33A69A5E284FF8A300456CC2 /* Preview Content */ = {
			isa = PBXGroup;
			children = (
				33A69A5F284FF8A300456CC2 /* Preview Assets.xcassets */,
			);
			path = "Preview Content";
			sourceTree = "<group>";
		};
		33A69A68284FF8A300456CC2 /* AWeatherAppTests */ = {
			isa = PBXGroup;
			children = (
				33A69A69284FF8A300456CC2 /* AWeatherAppTests.swift */,
			);
			path = AWeatherAppTests;
			sourceTree = "<group>";
		};
		33A69A72284FF8A300456CC2 /* AWeatherAppUITests */ = {
			isa = PBXGroup;
			children = (
				33A69A73284FF8A300456CC2 /* AWeatherAppUITests.swift */,
				33A69A75284FF8A300456CC2 /* AWeatherAppUITestsLaunchTests.swift */,
			);
			path = AWeatherAppUITests;
			sourceTree = "<group>";
		};
		33A69A82284FF94E00456CC2 /* Views */ = {
			isa = PBXGroup;
			children = (
				331E3F39285080300012259D /* CurrentView.swift */,
				331E3F3B285080620012259D /* SearchView.swift */,
				331E3F3D285080960012259D /* DailyView.swift */,
				331E3F3F285080B60012259D /* HourlyView.swift */,
				331E3F41285080F40012259D /* DeatilView.swift */,
				331E3F43285081100012259D /* CellDetail.swift */,
			);
			path = Views;
			sourceTree = "<group>";
		};
		33A69A83284FF95B00456CC2 /* Models */ = {
			isa = PBXGroup;
			children = (
				331E3F2D28507E7C0012259D /* WeatherModelView.swift */,
				331E3F2F28507EB80012259D /* WeatherData.swift */,
				331E3F3128507EDE0012259D /* WeatherModel.swift */,
			);
			path = Models;
			sourceTree = "<group>";
		};
		33A69A84284FF96700456CC2 /* Managers */ = {
			isa = PBXGroup;
			children = (
				331E3F3328507F190012259D /* APIServer.swift */,
				331E3F3528507F430012259D /* AppError.swift */,
				331E3F3728507F5C0012259D /* GlopalEctention.swift */,
			);
			path = Managers;
			sourceTree = "<group>";
		};
/* End PBXGroup section */

/* Begin PBXNativeTarget section */
		33A69A54284FF8A200456CC2 /* AWeatherApp */ = {
			isa = PBXNativeTarget;
			buildConfigurationList = 33A69A79284FF8A300456CC2 /* Build configuration list for PBXNativeTarget "AWeatherApp" */;
			buildPhases = (
				33A69A51284FF8A200456CC2 /* Sources */,
				33A69A52284FF8A200456CC2 /* Frameworks */,
				33A69A53284FF8A200456CC2 /* Resources */,
			);
			buildRules = (
			);
			dependencies = (
			);
			name = AWeatherApp;
			productName = AWeatherApp;
			productReference = 33A69A55284FF8A200456CC2 /* AWeatherApp.app */;
			productType = "com.apple.product-type.application";
		};
		33A69A64284FF8A300456CC2 /* AWeatherAppTests */ = {
			isa = PBXNativeTarget;
			buildConfigurationList = 33A69A7C284FF8A300456CC2 /* Build configuration list for PBXNativeTarget "AWeatherAppTests" */;
			buildPhases = (
				33A69A61284FF8A300456CC2 /* Sources */,
				33A69A62284FF8A300456CC2 /* Frameworks */,
				33A69A63284FF8A300456CC2 /* Resources */,
			);
			buildRules = (
			);
			dependencies = (
				33A69A67284FF8A300456CC2 /* PBXTargetDependency */,
			);
			name = AWeatherAppTests;
			productName = AWeatherAppTests;
			productReference = 33A69A65284FF8A300456CC2 /* AWeatherAppTests.xctest */;
			productType = "com.apple.product-type.bundle.unit-test";
		};
		33A69A6E284FF8A300456CC2 /* AWeatherAppUITests */ = {
			isa = PBXNativeTarget;
			buildConfigurationList = 33A69A7F284FF8A300456CC2 /* Build configuration list for PBXNativeTarget "AWeatherAppUITests" */;
			buildPhases = (
				33A69A6B284FF8A300456CC2 /* Sources */,
				33A69A6C284FF8A300456CC2 /* Frameworks */,
				33A69A6D284FF8A300456CC2 /* Resources */,
			);
			buildRules = (
			);
			dependencies = (
				33A69A71284FF8A300456CC2 /* PBXTargetDependency */,
			);
			name = AWeatherAppUITests;
			productName = AWeatherAppUITests;
			productReference = 33A69A6F284FF8A300456CC2 /* AWeatherAppUITests.xctest */;
			productType = "com.apple.product-type.bundle.ui-testing";
		};
/* End PBXNativeTarget section */

/* Begin PBXProject section */
		33A69A4D284FF8A200456CC2 /* Project object */ = {
			isa = PBXProject;
			attributes = {
				BuildIndependentTargetsInParallel = 1;
				LastSwiftUpdateCheck = 1340;
				LastUpgradeCheck = 1340;
				TargetAttributes = {
					33A69A54284FF8A200456CC2 = {
						CreatedOnToolsVersion = 13.4.1;
					};
					33A69A64284FF8A300456CC2 = {
						CreatedOnToolsVersion = 13.4.1;
						TestTargetID = 33A69A54284FF8A200456CC2;
					};
					33A69A6E284FF8A300456CC2 = {
						CreatedOnToolsVersion = 13.4.1;
						TestTargetID = 33A69A54284FF8A200456CC2;
					};
				};
			};
			buildConfigurationList = 33A69A50284FF8A200456CC2 /* Build configuration list for PBXProject "AWeatherApp" */;
			compatibilityVersion = "Xcode 13.0";
			developmentRegion = en;
			hasScannedForEncodings = 0;
			knownRegions = (
				en,
				Base,
			);
			mainGroup = 33A69A4C284FF8A200456CC2;
			productRefGroup = 33A69A56284FF8A200456CC2 /* Products */;
			projectDirPath = "";
			projectRoot = "";
			targets = (
				33A69A54284FF8A200456CC2 /* AWeatherApp */,
				33A69A64284FF8A300456CC2 /* AWeatherAppTests */,
				33A69A6E284FF8A300456CC2 /* AWeatherAppUITests */,
			);
		};
/* End PBXProject section */

/* Begin PBXResourcesBuildPhase section */
		33A69A53284FF8A200456CC2 /* Resources */ = {
			isa = PBXResourcesBuildPhase;
			buildActionMask = 2147483647;
			files = (
				33A69A60284FF8A300456CC2 /* Preview Assets.xcassets in Resources */,
				33A69A5D284FF8A300456CC2 /* Assets.xcassets in Resources */,
			);
			runOnlyForDeploymentPostprocessing = 0;
		};
		33A69A63284FF8A300456CC2 /* Resources */ = {
			isa = PBXResourcesBuildPhase;
			buildActionMask = 2147483647;
			files = (
			);
			runOnlyForDeploymentPostprocessing = 0;
		};
		33A69A6D284FF8A300456CC2 /* Resources */ = {
			isa = PBXResourcesBuildPhase;
			buildActionMask = 2147483647;
			files = (
			);
			runOnlyForDeploymentPostprocessing = 0;
		};
/* End PBXResourcesBuildPhase section */

/* Begin PBXSourcesBuildPhase section */
		33A69A51284FF8A200456CC2 /* Sources */ = {
			isa = PBXSourcesBuildPhase;
			buildActionMask = 2147483647;
			files = (
				331E3F3C285080620012259D /* SearchView.swift in Sources */,
				331E3F3828507F5C0012259D /* GlopalEctention.swift in Sources */,
				331E3F3E285080960012259D /* DailyView.swift in Sources */,
				331E3F3A285080300012259D /* CurrentView.swift in Sources */,
				33A69A5B284FF8A200456CC2 /* ContentView.swift in Sources */,
				331E3F2E28507E7C0012259D /* WeatherModelView.swift in Sources */,
				331E3F3028507EB80012259D /* WeatherData.swift in Sources */,
				33A69A59284FF8A200456CC2 /* AWeatherAppApp.swift in Sources */,
				331E3F44285081100012259D /* CellDetail.swift in Sources */,
				331E3F3228507EDE0012259D /* WeatherModel.swift in Sources */,
				331E3F42285080F40012259D /* DeatilView.swift in Sources */,
				331E3F40285080B60012259D /* HourlyView.swift in Sources */,
				331E3F3428507F190012259D /* APIServer.swift in Sources */,
				331E3F3628507F430012259D /* AppError.swift in Sources */,
			);
			runOnlyForDeploymentPostprocessing = 0;
		};
		33A69A61284FF8A300456CC2 /* Sources */ = {
			isa = PBXSourcesBuildPhase;
			buildActionMask = 2147483647;
			files = (
				33A69A6A284FF8A300456CC2 /* AWeatherAppTests.swift in Sources */,
			);
			runOnlyForDeploymentPostprocessing = 0;
		};
		33A69A6B284FF8A300456CC2 /* Sources */ = {
			isa = PBXSourcesBuildPhase;
			buildActionMask = 2147483647;
			files = (
				33A69A74284FF8A300456CC2 /* AWeatherAppUITests.swift in Sources */,
				33A69A76284FF8A300456CC2 /* AWeatherAppUITestsLaunchTests.swift in Sources */,
			);
			runOnlyForDeploymentPostprocessing = 0;
		};
/* End PBXSourcesBuildPhase section */

/* Begin PBXTargetDependency section */
		33A69A67284FF8A300456CC2 /* PBXTargetDependency */ = {
			isa = PBXTargetDependency;
			target = 33A69A54284FF8A200456CC2 /* AWeatherApp */;
			targetProxy = 33A69A66284FF8A300456CC2 /* PBXContainerItemProxy */;
		};
		33A69A71284FF8A300456CC2 /* PBXTargetDependency */ = {
			isa = PBXTargetDependency;
			target = 33A69A54284FF8A200456CC2 /* AWeatherApp */;
			targetProxy = 33A69A70284FF8A300456CC2 /* PBXContainerItemProxy */;
		};
/* End PBXTargetDependency section */

/* Begin XCBuildConfiguration section */
		33A69A77284FF8A300456CC2 /* Debug */ = {
			isa = XCBuildConfiguration;
			buildSettings = {
				ALWAYS_SEARCH_USER_PATHS = NO;
				CLANG_ANALYZER_NONNULL = YES;
				CLANG_ANALYZER_NUMBER_OBJECT_CONVERSION = YES_AGGRESSIVE;
				CLANG_CXX_LANGUAGE_STANDARD = "gnu++17";
				CLANG_ENABLE_MODULES = YES;
				CLANG_ENABLE_OBJC_ARC = YES;
				CLANG_ENABLE_OBJC_WEAK = YES;
				CLANG_WARN_BLOCK_CAPTURE_AUTORELEASING = YES;
				CLANG_WARN_BOOL_CONVERSION = YES;
				CLANG_WARN_COMMA = YES;
				CLANG_WARN_CONSTANT_CONVERSION = YES;
				CLANG_WARN_DEPRECATED_OBJC_IMPLEMENTATIONS = YES;
				CLANG_WARN_DIRECT_OBJC_ISA_USAGE = YES_ERROR;
				CLANG_WARN_DOCUMENTATION_COMMENTS = YES;
				CLANG_WARN_EMPTY_BODY = YES;
				CLANG_WARN_ENUM_CONVERSION = YES;
				CLANG_WARN_INFINITE_RECURSION = YES;
				CLANG_WARN_INT_CONVERSION = YES;
				CLANG_WARN_NON_LITERAL_NULL_CONVERSION = YES;
				CLANG_WARN_OBJC_IMPLICIT_RETAIN_SELF = YES;
				CLANG_WARN_OBJC_LITERAL_CONVERSION = YES;
				CLANG_WARN_OBJC_ROOT_CLASS = YES_ERROR;
				CLANG_WARN_QUOTED_INCLUDE_IN_FRAMEWORK_HEADER = YES;
				CLANG_WARN_RANGE_LOOP_ANALYSIS = YES;
				CLANG_WARN_STRICT_PROTOTYPES = YES;
				CLANG_WARN_SUSPICIOUS_MOVE = YES;
				CLANG_WARN_UNGUARDED_AVAILABILITY = YES_AGGRESSIVE;
				CLANG_WARN_UNREACHABLE_CODE = YES;
				CLANG_WARN__DUPLICATE_METHOD_MATCH = YES;
				COPY_PHASE_STRIP = NO;
				DEBUG_INFORMATION_FORMAT = dwarf;
				ENABLE_STRICT_OBJC_MSGSEND = YES;
				ENABLE_TESTABILITY = YES;
				GCC_C_LANGUAGE_STANDARD = gnu11;
				GCC_DYNAMIC_NO_PIC = NO;
				GCC_NO_COMMON_BLOCKS = YES;
				GCC_OPTIMIZATION_LEVEL = 0;
				GCC_PREPROCESSOR_DEFINITIONS = (
					"DEBUG=1",
					"$(inherited)",
				);
				GCC_WARN_64_TO_32_BIT_CONVERSION = YES;
				GCC_WARN_ABOUT_RETURN_TYPE = YES_ERROR;
				GCC_WARN_UNDECLARED_SELECTOR = YES;
				GCC_WARN_UNINITIALIZED_AUTOS = YES_AGGRESSIVE;
				GCC_WARN_UNUSED_FUNCTION = YES;
				GCC_WARN_UNUSED_VARIABLE = YES;
				IPHONEOS_DEPLOYMENT_TARGET = 15.5;
				MTL_ENABLE_DEBUG_INFO = INCLUDE_SOURCE;
				MTL_FAST_MATH = YES;
				ONLY_ACTIVE_ARCH = YES;
				SDKROOT = iphoneos;
				SWIFT_ACTIVE_COMPILATION_CONDITIONS = DEBUG;
				SWIFT_OPTIMIZATION_LEVEL = "-Onone";
			};
			name = Debug;
		};
		33A69A78284FF8A300456CC2 /* Release */ = {
			isa = XCBuildConfiguration;
			buildSettings = {
				ALWAYS_SEARCH_USER_PATHS = NO;
				CLANG_ANALYZER_NONNULL = YES;
				CLANG_ANALYZER_NUMBER_OBJECT_CONVERSION = YES_AGGRESSIVE;
				CLANG_CXX_LANGUAGE_STANDARD = "gnu++17";
				CLANG_ENABLE_MODULES = YES;
				CLANG_ENABLE_OBJC_ARC = YES;
				CLANG_ENABLE_OBJC_WEAK = YES;
				CLANG_WARN_BLOCK_CAPTURE_AUTORELEASING = YES;
				CLANG_WARN_BOOL_CONVERSION = YES;
				CLANG_WARN_COMMA = YES;
				CLANG_WARN_CONSTANT_CONVERSION = YES;
				CLANG_WARN_DEPRECATED_OBJC_IMPLEMENTATIONS = YES;
				CLANG_WARN_DIRECT_OBJC_ISA_USAGE = YES_ERROR;
				CLANG_WARN_DOCUMENTATION_COMMENTS = YES;
				CLANG_WARN_EMPTY_BODY = YES;
				CLANG_WARN_ENUM_CONVERSION = YES;
				CLANG_WARN_INFINITE_RECURSION = YES;
				CLANG_WARN_INT_CONVERSION = YES;
				CLANG_WARN_NON_LITERAL_NULL_CONVERSION = YES;
				CLANG_WARN_OBJC_IMPLICIT_RETAIN_SELF = YES;
				CLANG_WARN_OBJC_LITERAL_CONVERSION = YES;
				CLANG_WARN_OBJC_ROOT_CLASS = YES_ERROR;
				CLANG_WARN_QUOTED_INCLUDE_IN_FRAMEWORK_HEADER = YES;
				CLANG_WARN_RANGE_LOOP_ANALYSIS = YES;
				CLANG_WARN_STRICT_PROTOTYPES = YES;
				CLANG_WARN_SUSPICIOUS_MOVE = YES;
				CLANG_WARN_UNGUARDED_AVAILABILITY = YES_AGGRESSIVE;
				CLANG_WARN_UNREACHABLE_CODE = YES;
				CLANG_WARN__DUPLICATE_METHOD_MATCH = YES;
				COPY_PHASE_STRIP = NO;
				DEBUG_INFORMATION_FORMAT = "dwarf-with-dsym";
				ENABLE_NS_ASSERTIONS = NO;
				ENABLE_STRICT_OBJC_MSGSEND = YES;
				GCC_C_LANGUAGE_STANDARD = gnu11;
				GCC_NO_COMMON_BLOCKS = YES;
				GCC_WARN_64_TO_32_BIT_CONVERSION = YES;
				GCC_WARN_ABOUT_RETURN_TYPE = YES_ERROR;
				GCC_WARN_UNDECLARED_SELECTOR = YES;
				GCC_WARN_UNINITIALIZED_AUTOS = YES_AGGRESSIVE;
				GCC_WARN_UNUSED_FUNCTION = YES;
				GCC_WARN_UNUSED_VARIABLE = YES;
				IPHONEOS_DEPLOYMENT_TARGET = 15.5;
				MTL_ENABLE_DEBUG_INFO = NO;
				MTL_FAST_MATH = YES;
				SDKROOT = iphoneos;
				SWIFT_COMPILATION_MODE = wholemodule;
				SWIFT_OPTIMIZATION_LEVEL = "-O";
				VALIDATE_PRODUCT = YES;
			};
			name = Release;
		};
		33A69A7A284FF8A300456CC2 /* Debug */ = {
			isa = XCBuildConfiguration;
			buildSettings = {
				ASSETCATALOG_COMPILER_APPICON_NAME = AppIcon;
				ASSETCATALOG_COMPILER_GLOBAL_ACCENT_COLOR_NAME = AccentColor;
				CODE_SIGN_STYLE = Automatic;
				CURRENT_PROJECT_VERSION = 1;
				DEVELOPMENT_ASSET_PATHS = "\"AWeatherApp/Preview Content\"";
				ENABLE_PREVIEWS = YES;
				GENERATE_INFOPLIST_FILE = YES;
				INFOPLIST_KEY_UIApplicationSceneManifest_Generation = YES;
				INFOPLIST_KEY_UIApplicationSupportsIndirectInputEvents = YES;
				INFOPLIST_KEY_UILaunchScreen_Generation = YES;
				INFOPLIST_KEY_UISupportedInterfaceOrientations_iPad = "UIInterfaceOrientationPortrait UIInterfaceOrientationPortraitUpsideDown UIInterfaceOrientationLandscapeLeft UIInterfaceOrientationLandscapeRight";
				INFOPLIST_KEY_UISupportedInterfaceOrientations_iPhone = "UIInterfaceOrientationPortrait UIInterfaceOrientationLandscapeLeft UIInterfaceOrientationLandscapeRight";
				LD_RUNPATH_SEARCH_PATHS = (
					"$(inherited)",
					"@executable_path/Frameworks",
				);
				MARKETING_VERSION = 1.0;
				PRODUCT_BUNDLE_IDENTIFIER = com.fay.AWeatherApp;
				PRODUCT_NAME = "$(TARGET_NAME)";
				SWIFT_EMIT_LOC_STRINGS = YES;
				SWIFT_VERSION = 5.0;
				TARGETED_DEVICE_FAMILY = "1,2";
			};
			name = Debug;
		};
		33A69A7B284FF8A300456CC2 /* Release */ = {
			isa = XCBuildConfiguration;
			buildSettings = {
				ASSETCATALOG_COMPILER_APPICON_NAME = AppIcon;
				ASSETCATALOG_COMPILER_GLOBAL_ACCENT_COLOR_NAME = AccentColor;
				CODE_SIGN_STYLE = Automatic;
				CURRENT_PROJECT_VERSION = 1;
				DEVELOPMENT_ASSET_PATHS = "\"AWeatherApp/Preview Content\"";
				ENABLE_PREVIEWS = YES;
				GENERATE_INFOPLIST_FILE = YES;
				INFOPLIST_KEY_UIApplicationSceneManifest_Generation = YES;
				INFOPLIST_KEY_UIApplicationSupportsIndirectInputEvents = YES;
				INFOPLIST_KEY_UILaunchScreen_Generation = YES;
				INFOPLIST_KEY_UISupportedInterfaceOrientations_iPad = "UIInterfaceOrientationPortrait UIInterfaceOrientationPortraitUpsideDown UIInterfaceOrientationLandscapeLeft UIInterfaceOrientationLandscapeRight";
				INFOPLIST_KEY_UISupportedInterfaceOrientations_iPhone = "UIInterfaceOrientationPortrait UIInterfaceOrientationLandscapeLeft UIInterfaceOrientationLandscapeRight";
				LD_RUNPATH_SEARCH_PATHS = (
					"$(inherited)",
					"@executable_path/Frameworks",
				);
				MARKETING_VERSION = 1.0;
				PRODUCT_BUNDLE_IDENTIFIER = com.fay.AWeatherApp;
				PRODUCT_NAME = "$(TARGET_NAME)";
				SWIFT_EMIT_LOC_STRINGS = YES;
				SWIFT_VERSION = 5.0;
				TARGETED_DEVICE_FAMILY = "1,2";
			};
			name = Release;
		};
		33A69A7D284FF8A300456CC2 /* Debug */ = {
			isa = XCBuildConfiguration;
			buildSettings = {
				ALWAYS_EMBED_SWIFT_STANDARD_LIBRARIES = YES;
				BUNDLE_LOADER = "$(TEST_HOST)";
				CODE_SIGN_STYLE = Automatic;
				CURRENT_PROJECT_VERSION = 1;
				GENERATE_INFOPLIST_FILE = YES;
				IPHONEOS_DEPLOYMENT_TARGET = 15.5;
				MARKETING_VERSION = 1.0;
				PRODUCT_BUNDLE_IDENTIFIER = com.fay.AWeatherAppTests;
				PRODUCT_NAME = "$(TARGET_NAME)";
				SWIFT_EMIT_LOC_STRINGS = NO;
				SWIFT_VERSION = 5.0;
				TARGETED_DEVICE_FAMILY = "1,2";
				TEST_HOST = "$(BUILT_PRODUCTS_DIR)/AWeatherApp.app/AWeatherApp";
			};
			name = Debug;
		};
		33A69A7E284FF8A300456CC2 /* Release */ = {
			isa = XCBuildConfiguration;
			buildSettings = {
				ALWAYS_EMBED_SWIFT_STANDARD_LIBRARIES = YES;
				BUNDLE_LOADER = "$(TEST_HOST)";
				CODE_SIGN_STYLE = Automatic;
				CURRENT_PROJECT_VERSION = 1;
				GENERATE_INFOPLIST_FILE = YES;
				IPHONEOS_DEPLOYMENT_TARGET = 15.5;
				MARKETING_VERSION = 1.0;
				PRODUCT_BUNDLE_IDENTIFIER = com.fay.AWeatherAppTests;
				PRODUCT_NAME = "$(TARGET_NAME)";
				SWIFT_EMIT_LOC_STRINGS = NO;
				SWIFT_VERSION = 5.0;
				TARGETED_DEVICE_FAMILY = "1,2";
				TEST_HOST = "$(BUILT_PRODUCTS_DIR)/AWeatherApp.app/AWeatherApp";
			};
			name = Release;
		};
		33A69A80284FF8A300456CC2 /* Debug */ = {
			isa = XCBuildConfiguration;
			buildSettings = {
				ALWAYS_EMBED_SWIFT_STANDARD_LIBRARIES = YES;
				CODE_SIGN_STYLE = Automatic;
				CURRENT_PROJECT_VERSION = 1;
				GENERATE_INFOPLIST_FILE = YES;
				MARKETING_VERSION = 1.0;
				PRODUCT_BUNDLE_IDENTIFIER = com.fay.AWeatherAppUITests;
				PRODUCT_NAME = "$(TARGET_NAME)";
				SWIFT_EMIT_LOC_STRINGS = NO;
				SWIFT_VERSION = 5.0;
				TARGETED_DEVICE_FAMILY = "1,2";
				TEST_TARGET_NAME = AWeatherApp;
			};
			name = Debug;
		};
		33A69A81284FF8A300456CC2 /* Release */ = {
			isa = XCBuildConfiguration;
			buildSettings = {
				ALWAYS_EMBED_SWIFT_STANDARD_LIBRARIES = YES;
				CODE_SIGN_STYLE = Automatic;
				CURRENT_PROJECT_VERSION = 1;
				GENERATE_INFOPLIST_FILE = YES;
				MARKETING_VERSION = 1.0;
				PRODUCT_BUNDLE_IDENTIFIER = com.fay.AWeatherAppUITests;
				PRODUCT_NAME = "$(TARGET_NAME)";
				SWIFT_EMIT_LOC_STRINGS = NO;
				SWIFT_VERSION = 5.0;
				TARGETED_DEVICE_FAMILY = "1,2";
				TEST_TARGET_NAME = AWeatherApp;
			};
			name = Release;
		};
/* End XCBuildConfiguration section */

/* Begin XCConfigurationList section */
		33A69A50284FF8A200456CC2 /* Build configuration list for PBXProject "AWeatherApp" */ = {
			isa = XCConfigurationList;
			buildConfigurations = (
				33A69A77284FF8A300456CC2 /* Debug */,
				33A69A78284FF8A300456CC2 /* Release */,
			);
			defaultConfigurationIsVisible = 0;
			defaultConfigurationName = Release;
		};
		33A69A79284FF8A300456CC2 /* Build configuration list for PBXNativeTarget "AWeatherApp" */ = {
			isa = XCConfigurationList;
			buildConfigurations = (
				33A69A7A284FF8A300456CC2 /* Debug */,
				33A69A7B284FF8A300456CC2 /* Release */,
			);
			defaultConfigurationIsVisible = 0;
			defaultConfigurationName = Release;
		};
		33A69A7C284FF8A300456CC2 /* Build configuration list for PBXNativeTarget "AWeatherAppTests" */ = {
			isa = XCConfigurationList;
			buildConfigurations = (
				33A69A7D284FF8A300456CC2 /* Debug */,
				33A69A7E284FF8A300456CC2 /* Release */,
			);
			defaultConfigurationIsVisible = 0;
			defaultConfigurationName = Release;
		};
		33A69A7F284FF8A300456CC2 /* Build configuration list for PBXNativeTarget "AWeatherAppUITests" */ = {
			isa = XCConfigurationList;
			buildConfigurations = (
				33A69A80284FF8A300456CC2 /* Debug */,
				33A69A81284FF8A300456CC2 /* Release */,
			);
			defaultConfigurationIsVisible = 0;
			defaultConfigurationName = Release;
		};
/* End XCConfigurationList section */
	};
	rootObject = 33A69A4D284FF8A200456CC2 /* Project object */;
}
